
Microsoft Visual Studio Solution File, Format Version 12.00
# Visual Studio 15
VisualStudioVersion = 15.0.28307.489
MinimumVisualStudioVersion = 10.0.40219.1
Project("{FAE04EC0-301F-11D3-BF4B-00C04F79EFBC}") = "GluttonousSnakeWPF", "GluttonousSnakeWPF\GluttonousSnakeWPF.csproj", "{F1CECC00-4788-4EAF-AAC7-16A0BD0B4D73}"
EndProject
Global
	GlobalSection(SolutionConfigurationPlatforms) = preSolution
		Debug|Any CPU = Debug|Any CPU
		Release|Any CPU = Release|Any CPU
	EndGlobalSection
	GlobalSection(ProjectConfigurationPlatforms) = postSolution
		{F1CECC00-4788-4EAF-AAC7-16A0BD0B4D73}.Debug|Any CPU.ActiveCfg = Debug|Any CPU
		{F1CECC00-4788-4EAF-AAC7-16A0BD0B4D73}.Debug|Any CPU.Build.0 = Debug|Any CPU
		{F1CECC00-4788-4EAF-AAC7-16A0BD0B4D73}.Release|Any CPU.ActiveCfg = Release|Any CPU
		{F1CECC00-4788-4EAF-AAC7-16A0BD0B4D73}.Release|Any CPU.Build.0 = Release|Any CPU
	EndGlobalSection
	GlobalSection(SolutionProperties) = preSolution
		HideSolutionNode = FALSE
	EndGlobalSection
	GlobalSection(ExtensibilityGlobals) = postSolution
		SolutionGuid = {C2C9C01B-B136-4A09-9FDA-5CF4B9DBAB18}
	EndGlobalSection
EndGlobal
